
Microsoft Visual Studio Solution File, Format Version 12.00
# Visual Studio Version 17
VisualStudioVersion = 17.1.32228.430
MinimumVisualStudioVersion = 10.0.40219.1
Project("{FAE04EC0-301F-11D3-BF4B-00C04F79EFBC}") = "amin_userTask6-7", "amin_userTask6-7\amin_userTask6-7.csproj", "{12F0D6F9-5A30-4992-B947-AD9B8D11343B}"
EndProject
Global
	GlobalSection(SolutionConfigurationPlatforms) = preSolution
		Debug|Any CPU = Debug|Any CPU
		Release|Any CPU = Release|Any CPU
	EndGlobalSection
	GlobalSection(ProjectConfigurationPlatforms) = postSolution
		{12F0D6F9-5A30-4992-B947-AD9B8D11343B}.Debug|Any CPU.ActiveCfg = Debug|Any CPU
		{12F0D6F9-5A30-4992-B947-AD9B8D11343B}.Debug|Any CPU.Build.0 = Debug|Any CPU
		{12F0D6F9-5A30-4992-B947-AD9B8D11343B}.Release|Any CPU.ActiveCfg = Release|Any CPU
		{12F0D6F9-5A30-4992-B947-AD9B8D11343B}.Release|Any CPU.Build.0 = Release|Any CPU
	EndGlobalSection
	GlobalSection(SolutionProperties) = preSolution
		HideSolutionNode = FALSE
	EndGlobalSection
	GlobalSection(ExtensibilityGlobals) = postSolution
		SolutionGuid = {70A967B9-6FD9-40D3-94CD-E9DA1DB4A9EC}
	EndGlobalSection
EndGlobal
